
Microsoft Visual Studio Solution File, Format Version 12.00
# Visual Studio Version 17
VisualStudioVersion = 17.9.34728.123
MinimumVisualStudioVersion = 10.0.40219.1
Project("{FAE04EC0-301F-11D3-BF4B-00C04F79EFBC}") = "TestTask", "TestTask\TestTask.csproj", "{E937909D-DCA1-45C7-A263-8F7FC08627EA}"
EndProject
Global
	GlobalSection(SolutionConfigurationPlatforms) = preSolution
		Debug|Any CPU = Debug|Any CPU
		Release|Any CPU = Release|Any CPU
	EndGlobalSection
	GlobalSection(ProjectConfigurationPlatforms) = postSolution
		{E937909D-DCA1-45C7-A263-8F7FC08627EA}.Debug|Any CPU.ActiveCfg = Debug|Any CPU
		{E937909D-DCA1-45C7-A263-8F7FC08627EA}.Debug|Any CPU.Build.0 = Debug|Any CPU
		{E937909D-DCA1-45C7-A263-8F7FC08627EA}.Release|Any CPU.ActiveCfg = Release|Any CPU
		{E937909D-DCA1-45C7-A263-8F7FC08627EA}.Release|Any CPU.Build.0 = Release|Any CPU
	EndGlobalSection
	GlobalSection(SolutionProperties) = preSolution
		HideSolutionNode = FALSE
	EndGlobalSection
	GlobalSection(ExtensibilityGlobals) = postSolution
		SolutionGuid = {8C0F02F4-8C20-41F3-970C-7CFEE58B7D29}
	EndGlobalSection
EndGlobal
